
Microsoft Visual Studio Solution File, Format Version 12.00
# Visual Studio Version 17
VisualStudioVersion = 17.0.31903.59
MinimumVisualStudioVersion = 10.0.40219.1
Project("{FAE04EC0-301F-11D3-BF4B-00C04F79EFBC}") = "Domain", "Domain\Domain.csproj", "{F95A94C8-2BD4-4195-A81F-61D3ED40457F}"
EndProject
Project("{FAE04EC0-301F-11D3-BF4B-00C04F79EFBC}") = "Infrastructure", "Infrastructure\Infrastructure.csproj", "{F2B81B79-CAAB-4E32-9E7B-5C3D34D9FB19}"
EndProject
Project("{FAE04EC0-301F-11D3-BF4B-00C04F79EFBC}") = "WebApi", "WebApi\WebApi.csproj", "{E4253F42-012E-4088-8906-45B68EBE4E15}"
EndProject
Global
	GlobalSection(SolutionConfigurationPlatforms) = preSolution
		Debug|Any CPU = Debug|Any CPU
		Release|Any CPU = Release|Any CPU
	EndGlobalSection
	GlobalSection(SolutionProperties) = preSolution
		HideSolutionNode = FALSE
	EndGlobalSection
	GlobalSection(ProjectConfigurationPlatforms) = postSolution
		{F95A94C8-2BD4-4195-A81F-61D3ED40457F}.Debug|Any CPU.ActiveCfg = Debug|Any CPU
		{F95A94C8-2BD4-4195-A81F-61D3ED40457F}.Debug|Any CPU.Build.0 = Debug|Any CPU
		{F95A94C8-2BD4-4195-A81F-61D3ED40457F}.Release|Any CPU.ActiveCfg = Release|Any CPU
		{F95A94C8-2BD4-4195-A81F-61D3ED40457F}.Release|Any CPU.Build.0 = Release|Any CPU
		{F2B81B79-CAAB-4E32-9E7B-5C3D34D9FB19}.Debug|Any CPU.ActiveCfg = Debug|Any CPU
		{F2B81B79-CAAB-4E32-9E7B-5C3D34D9FB19}.Debug|Any CPU.Build.0 = Debug|Any CPU
		{F2B81B79-CAAB-4E32-9E7B-5C3D34D9FB19}.Release|Any CPU.ActiveCfg = Release|Any CPU
		{F2B81B79-CAAB-4E32-9E7B-5C3D34D9FB19}.Release|Any CPU.Build.0 = Release|Any CPU
		{E4253F42-012E-4088-8906-45B68EBE4E15}.Debug|Any CPU.ActiveCfg = Debug|Any CPU
		{E4253F42-012E-4088-8906-45B68EBE4E15}.Debug|Any CPU.Build.0 = Debug|Any CPU
		{E4253F42-012E-4088-8906-45B68EBE4E15}.Release|Any CPU.ActiveCfg = Release|Any CPU
		{E4253F42-012E-4088-8906-45B68EBE4E15}.Release|Any CPU.Build.0 = Release|Any CPU
	EndGlobalSection
EndGlobal
